<?xml version="1.0" encoding="utf-8"?>
<Project ToolsVersion="4.0" xmlns="http://schemas.microsoft.com/developer/msbuild/2003">
  <ItemGroup>
    <Filter Include="Исходные файлы">
      <UniqueIdentifier>{4FC737F1-C7A5-4376-A066-2A32D752A2FF}</UniqueIdentifier>
      <Extensions>cpp;c;cc;cxx;c++;cppm;ixx;def;odl;idl;hpj;bat;asm;asmx</Extensions>
    </Filter>
    <Filter Include="Файлы заголовков">
      <UniqueIdentifier>{93995380-89BD-4b04-88EB-625FBE52EBFB}</UniqueIdentifier>
      <Extensions>h;hh;hpp;hxx;h++;hm;inl;inc;ipp;xsd</Extensions>
    </Filter>
    <Filter Include="Файлы ресурсов">
      <UniqueIdentifier>{67DA6AB6-F800-4c08-8B7A-83BB121AAD01}</UniqueIdentifier>
      <Extensions>rc;ico;cur;bmp;dlg;rc2;rct;bin;rgs;gif;jpg;jpeg;jpe;resx;tiff;tif;png;wav;mfcribbon-ms</Extensions>
    </Filter>
    <Filter Include="Исходные файлы\db">
      <UniqueIdentifier>{f035934b-a760-4b6c-a67c-85a50ad2f795}</UniqueIdentifier>
    </Filter>
    <Filter Include="Исходные файлы\SapControlTech">
      <UniqueIdentifier>{fe09b175-d202-479a-b7c2-aa7abf7763a9}</UniqueIdentifier>
    </Filter>
    <Filter Include="Исходные файлы\SapControlTech\DataStruct">
      <UniqueIdentifier>{896c7202-7de1-4754-829a-bd0495b42f5c}</UniqueIdentifier>
    </Filter>
    <Filter Include="Исходные файлы\utils">
      <UniqueIdentifier>{eb6587d3-b4f1-4889-bd65-467b38776cf4}</UniqueIdentifier>
    </Filter>
    <Filter Include="Исходные файлы\SapSugarBeetSawingDates">
      <UniqueIdentifier>{7c05cddc-067f-4a41-8007-7cf128bfd226}</UniqueIdentifier>
    </Filter>
  </ItemGroup>
  <ItemGroup>
    <ClCompile Include="src\main.cpp">
      <Filter>Исходные файлы</Filter>
    </ClCompile>
    <ClCompile Include="src\db\db.cpp">
      <Filter>Исходные файлы\db</Filter>
    </ClCompile>
    <ClCompile Include="src\SapControlTech\DataStruct\InitialData.cpp">
      <Filter>Исходные файлы\SapControlTech\DataStruct</Filter>
    </ClCompile>
    <ClCompile Include="src\utils\utilsBoostDate.cpp">
      <Filter>Исходные файлы\utils</Filter>
    </ClCompile>
    <ClCompile Include="src\SapControlTech\CalcMinimalPlannedDate.cpp">
      <Filter>Исходные файлы\SapControlTech</Filter>
    </ClCompile>
    <ClCompile Include="src\utils\utilsOptional.cpp">
      <Filter>Исходные файлы\utils</Filter>
    </ClCompile>
    <ClCompile Include="src\SapControlTech\SapControlTech.cpp">
      <Filter>Исходные файлы\SapControlTech</Filter>
    </ClCompile>
    <ClCompile Include="src\SapControlTech\DataStruct\SapData.cpp">
      <Filter>Исходные файлы\SapControlTech\DataStruct</Filter>
    </ClCompile>
    <ClCompile Include="src\SapControlTech\CalcActualDate.cpp">
      <Filter>Исходные файлы\SapControlTech</Filter>
    </ClCompile>
    <ClCompile Include="src\SapControlTech\CalcActualDateCompleteEntryOperation.cpp">
      <Filter>Исходные файлы\SapControlTech</Filter>
    </ClCompile>
    <ClCompile Include="src\SapControlTech\CalcSawingDate.cpp">
      <Filter>Исходные файлы\SapControlTech</Filter>
    </ClCompile>
    <ClCompile Include="src\SapControlTech\CalcResawingDate.cpp">
      <Filter>Исходные файлы\SapControlTech</Filter>
    </ClCompile>
    <ClCompile Include="src\SapControlTech\CalcMinimalDate.cpp">
      <Filter>Исходные файлы\SapControlTech</Filter>
    </ClCompile>
    <ClCompile Include="src\SapSugarBeetSawingDates\SapSugarBeetSawingDates.cpp">
      <Filter>Исходные файлы\SapSugarBeetSawingDates</Filter>
    </ClCompile>
  </ItemGroup>
  <ItemGroup>
    <ClInclude Include="src\db\db.hpp">
      <Filter>Исходные файлы\db</Filter>
    </ClInclude>
    <ClInclude Include="src\SapControlTech\DataStruct\InitialData.hpp">
      <Filter>Исходные файлы\SapControlTech\DataStruct</Filter>
    </ClInclude>
    <ClInclude Include="src\utils\utilsBoostDate.hpp">
      <Filter>Исходные файлы\utils</Filter>
    </ClInclude>
    <ClInclude Include="src\SapControlTech\CalcMinimalPlannedDate.hpp">
      <Filter>Исходные файлы\SapControlTech</Filter>
    </ClInclude>
    <ClInclude Include="src\utils\utilsOptional.hpp">
      <Filter>Исходные файлы\utils</Filter>
    </ClInclude>
    <ClInclude Include="src\SapControlTech\SapControlTech.hpp">
      <Filter>Исходные файлы\SapControlTech</Filter>
    </ClInclude>
    <ClInclude Include="src\SapControlTech\DataStruct\SapData.hpp">
      <Filter>Исходные файлы\SapControlTech\DataStruct</Filter>
    </ClInclude>
    <ClInclude Include="src\SapControlTech\CalcActualDate.hpp">
      <Filter>Исходные файлы\SapControlTech</Filter>
    </ClInclude>
    <ClInclude Include="src\SapControlTech\CalcActualDateCompleteEntryOperation.hpp">
      <Filter>Исходные файлы\SapControlTech</Filter>
    </ClInclude>
    <ClInclude Include="src\SapControlTech\CalcSawingDate.hpp">
      <Filter>Исходные файлы\SapControlTech</Filter>
    </ClInclude>
    <ClInclude Include="src\SapControlTech\CalcResawingDate.hpp">
      <Filter>Исходные файлы\SapControlTech</Filter>
    </ClInclude>
    <ClInclude Include="src\SapControlTech\CalcMinimalDate.hpp">
      <Filter>Исходные файлы\SapControlTech</Filter>
    </ClInclude>
    <ClInclude Include="src\SapSugarBeetSawingDates\SapSugarBeetSawingDates.hpp">
      <Filter>Исходные файлы\SapSugarBeetSawingDates</Filter>
    </ClInclude>
  </ItemGroup>
</Project>